<?xml version="1.0" encoding="UTF-8"?>
<!DOCTYPE plist PUBLIC "-//Apple//DTD PLIST 1.0//EN" "http://www.apple.com/DTDs/PropertyList-1.0.dtd">
<plist version="1.0">
<dict>
	<key>archiveVersion</key>
	<string>1</string>
	<key>classes</key>
	<dict/>
	<key>objectVersion</key>
	<string>46</string>
	<key>objects</key>
	<dict>
		<key>06F4A7040E354E018576FBAC</key>
		<dict>
			<key>buildActionMask</key>
			<string>2147483647</string>
			<key>files</key>
			<array/>
			<key>inputPaths</key>
			<array/>
			<key>isa</key>
			<string>PBXShellScriptBuildPhase</string>
			<key>name</key>
			<string>Copy Pods Resources</string>
			<key>outputPaths</key>
			<array/>
			<key>runOnlyForDeploymentPostprocessing</key>
			<string>0</string>
			<key>shellPath</key>
			<string>/bin/sh</string>
			<key>shellScript</key>
			<string>"${SRCROOT}/Pods/Pods-resources.sh"
</string>
			<key>showEnvVarsInLog</key>
			<string>0</string>
		</dict>
		<key>1FFE54D02290419B9A8D12C7</key>
		<dict>
			<key>buildActionMask</key>
			<string>2147483647</string>
			<key>files</key>
			<array/>
			<key>inputPaths</key>
			<array/>
			<key>isa</key>
			<string>PBXShellScriptBuildPhase</string>
			<key>name</key>
			<string>Check Pods Manifest.lock</string>
			<key>outputPaths</key>
			<array/>
			<key>runOnlyForDeploymentPostprocessing</key>
			<string>0</string>
			<key>shellPath</key>
			<string>/bin/sh</string>
			<key>shellScript</key>
			<string>diff "${PODS_ROOT}/../Podfile.lock" "${PODS_ROOT}/Manifest.lock" &gt; /dev/null
if [[ $? != 0 ]] ; then
    cat &lt;&lt; EOM
error: The sandbox is not in sync with the Podfile.lock. Run 'pod install' or update your CocoaPods installation.
EOM
    exit 1
fi
</string>
			<key>showEnvVarsInLog</key>
			<string>0</string>
		</dict>
		<key>27122EEDE1D54E6C951972A1</key>
		<dict>
			<key>explicitFileType</key>
			<string>archive.ar</string>
			<key>includeInIndex</key>
			<string>0</string>
			<key>isa</key>
			<string>PBXFileReference</string>
			<key>path</key>
			<string>libPods.a</string>
			<key>sourceTree</key>
			<string>BUILT_PRODUCTS_DIR</string>
		</dict>
		<key>37D10070C1DE459995761569</key>
		<dict>
			<key>fileRef</key>
			<string>27122EEDE1D54E6C951972A1</string>
			<key>isa</key>
			<string>PBXBuildFile</string>
		</dict>
		<key>8EB1C98046F44CF18FBABDC8</key>
		<dict>
			<key>includeInIndex</key>
			<string>1</string>
			<key>isa</key>
			<string>PBXFileReference</string>
			<key>lastKnownFileType</key>
			<string>text.xcconfig</string>
			<key>name</key>
			<string>Pods.xcconfig</string>
			<key>path</key>
			<string>Pods/Pods.xcconfig</string>
			<key>sourceTree</key>
			<string>&lt;group&gt;</string>
		</dict>
		<key>979353FC1936E62A0024CFB7</key>
		<dict>
			<key>fileEncoding</key>
			<string>4</string>
			<key>isa</key>
			<string>PBXFileReference</string>
			<key>lastKnownFileType</key>
			<string>text.plist.xml</string>
			<key>path</key>
			<string>bluelist.plist</string>
			<key>sourceTree</key>
			<string>&lt;group&gt;</string>
		</dict>
		<key>979353FD1936E62A0024CFB7</key>
		<dict>
			<key>fileRef</key>
			<string>979353FC1936E62A0024CFB7</string>
			<key>isa</key>
			<string>PBXBuildFile</string>
		</dict>
		<key>97B8E0C3194F47230029F5D3</key>
		<dict>
			<key>children</key>
			<array>
				<string>FAD04BE51862058500DE0A19</string>
				<string>FAD04BE61862058500DE0A19</string>
			</array>
			<key>isa</key>
			<string>PBXGroup</string>
			<key>name</key>
			<string>delegate</string>
			<key>sourceTree</key>
			<string>&lt;group&gt;</string>
		</dict>
		<key>97DEC6BA19731B3700E7DB8C</key>
		<dict>
			<key>isa</key>
			<string>PBXFileReference</string>
			<key>lastKnownFileType</key>
			<string>compiled.mach-o.dylib</string>
			<key>name</key>
			<string>libsqlite3.0.dylib</string>
			<key>path</key>
			<string>usr/lib/libsqlite3.0.dylib</string>
			<key>sourceTree</key>
			<string>SDKROOT</string>
		</dict>
		<key>97DEC6BB19731B3700E7DB8C</key>
		<dict>
			<key>fileRef</key>
			<string>97DEC6BA19731B3700E7DB8C</string>
			<key>isa</key>
			<string>PBXBuildFile</string>
		</dict>
		<key>97DEC6BC19731B3A00E7DB8C</key>
		<dict>
			<key>isa</key>
			<string>PBXFileReference</string>
			<key>lastKnownFileType</key>
			<string>compiled.mach-o.dylib</string>
			<key>name</key>
			<string>libsqlite3.dylib</string>
			<key>path</key>
			<string>usr/lib/libsqlite3.dylib</string>
			<key>sourceTree</key>
			<string>SDKROOT</string>
		</dict>
		<key>97DEC6BD19731B3A00E7DB8C</key>
		<dict>
			<key>fileRef</key>
			<string>97DEC6BC19731B3A00E7DB8C</string>
			<key>isa</key>
			<string>PBXBuildFile</string>
		</dict>
		<key>FA39EA2218633F8900FB525E</key>
		<dict>
			<key>children</key>
			<array>
				<string>FA39EA2318633FB400FB525E</string>
				<string>FA39EA2418633FB400FB525E</string>
			</array>
			<key>isa</key>
			<string>PBXGroup</string>
			<key>name</key>
			<string>model</string>
			<key>sourceTree</key>
			<string>&lt;group&gt;</string>
		</dict>
		<key>FA39EA2318633FB400FB525E</key>
		<dict>
			<key>fileEncoding</key>
			<string>4</string>
			<key>isa</key>
			<string>PBXFileReference</string>
			<key>lastKnownFileType</key>
			<string>sourcecode.c.h</string>
			<key>path</key>
			<string>IBM_Item.h</string>
			<key>sourceTree</key>
			<string>&lt;group&gt;</string>
		</dict>
		<key>FA39EA2418633FB400FB525E</key>
		<dict>
			<key>fileEncoding</key>
			<string>4</string>
			<key>isa</key>
			<string>PBXFileReference</string>
			<key>lastKnownFileType</key>
			<string>sourcecode.c.objc</string>
			<key>path</key>
			<string>IBM_Item.m</string>
			<key>sourceTree</key>
			<string>&lt;group&gt;</string>
		</dict>
		<key>FA39EA2518633FB400FB525E</key>
		<dict>
			<key>fileRef</key>
			<string>FA39EA2418633FB400FB525E</string>
			<key>isa</key>
			<string>PBXBuildFile</string>
		</dict>
		<key>FAD04BCA1862058500DE0A19</key>
		<dict>
			<key>children</key>
			<array>
				<string>FAD04BDC1862058500DE0A19</string>
				<string>FAD04BD51862058500DE0A19</string>
				<string>FAD04BD41862058500DE0A19</string>
				<string>8EB1C98046F44CF18FBABDC8</string>
			</array>
			<key>isa</key>
			<string>PBXGroup</string>
			<key>sourceTree</key>
			<string>&lt;group&gt;</string>
		</dict>
		<key>FAD04BCB1862058500DE0A19</key>
		<dict>
			<key>attributes</key>
			<dict>
				<key>CLASSPREFIX</key>
				<string>IBM_BL</string>
				<key>LastUpgradeCheck</key>
				<string>0510</string>
				<key>ORGANIZATIONNAME</key>
				<string>International Business Machines</string>
				<key>TargetAttributes</key>
				<dict>
					<key>FAD04BED1862058500DE0A19</key>
					<dict>
						<key>TestTargetID</key>
						<string>FAD04BD21862058500DE0A19</string>
					</dict>
				</dict>
			</dict>
			<key>buildConfigurationList</key>
			<string>FAD04BCE1862058500DE0A19</string>
			<key>compatibilityVersion</key>
			<string>Xcode 3.2</string>
			<key>developmentRegion</key>
			<string>English</string>
			<key>hasScannedForEncodings</key>
			<string>0</string>
			<key>isa</key>
			<string>PBXProject</string>
			<key>knownRegions</key>
			<array>
				<string>en</string>
			</array>
			<key>mainGroup</key>
			<string>FAD04BCA1862058500DE0A19</string>
			<key>productRefGroup</key>
			<string>FAD04BD41862058500DE0A19</string>
			<key>projectDirPath</key>
			<string></string>
			<key>projectReferences</key>
			<array/>
			<key>projectRoot</key>
			<string></string>
			<key>targets</key>
			<array>
				<string>FAD04BD21862058500DE0A19</string>
				<string>FAD04BED1862058500DE0A19</string>
			</array>
		</dict>
		<key>FAD04BCE1862058500DE0A19</key>
		<dict>
			<key>buildConfigurations</key>
			<array>
				<string>FAD04BFD1862058500DE0A19</string>
				<string>FAD04BFE1862058500DE0A19</string>
			</array>
			<key>defaultConfigurationIsVisible</key>
			<string>0</string>
			<key>defaultConfigurationName</key>
			<string>Release</string>
			<key>isa</key>
			<string>XCConfigurationList</string>
		</dict>
		<key>FAD04BCF1862058500DE0A19</key>
		<dict>
			<key>buildActionMask</key>
			<string>2147483647</string>
			<key>files</key>
			<array>
				<string>FAD04C0D1862340500DE0A19</string>
				<string>FAD04BE31862058500DE0A19</string>
				<string>FAD04BE71862058500DE0A19</string>
				<string>FAD04C0A186233D000DE0A19</string>
				<string>FA39EA2518633FB400FB525E</string>
			</array>
			<key>isa</key>
			<string>PBXSourcesBuildPhase</string>
			<key>runOnlyForDeploymentPostprocessing</key>
			<string>0</string>
		</dict>
		<key>FAD04BD01862058500DE0A19</key>
		<dict>
			<key>buildActionMask</key>
			<string>2147483647</string>
			<key>files</key>
			<array>
				<string>97DEC6BD19731B3A00E7DB8C</string>
				<string>97DEC6BB19731B3700E7DB8C</string>
				<string>FAD04BD91862058500DE0A19</string>
				<string>FAD04BDB1862058500DE0A19</string>
				<string>FAD04BD71862058500DE0A19</string>
				<string>37D10070C1DE459995761569</string>
			</array>
			<key>isa</key>
			<string>PBXFrameworksBuildPhase</string>
			<key>runOnlyForDeploymentPostprocessing</key>
			<string>0</string>
		</dict>
		<key>FAD04BD11862058500DE0A19</key>
		<dict>
			<key>buildActionMask</key>
			<string>2147483647</string>
			<key>files</key>
			<array>
				<string>FAD04BE11862058500DE0A19</string>
				<string>979353FD1936E62A0024CFB7</string>
				<string>FAD04C061862250000DE0A19</string>
				<string>FAD04BE91862058500DE0A19</string>
			</array>
			<key>isa</key>
			<string>PBXResourcesBuildPhase</string>
			<key>runOnlyForDeploymentPostprocessing</key>
			<string>0</string>
		</dict>
		<key>FAD04BD21862058500DE0A19</key>
		<dict>
			<key>buildConfigurationList</key>
			<string>FAD04BFF1862058500DE0A19</string>
			<key>buildPhases</key>
			<array>
				<string>1FFE54D02290419B9A8D12C7</string>
				<string>FAD04BCF1862058500DE0A19</string>
				<string>FAD04BD01862058500DE0A19</string>
				<string>FAD04BD11862058500DE0A19</string>
				<string>06F4A7040E354E018576FBAC</string>
			</array>
			<key>buildRules</key>
			<array/>
			<key>dependencies</key>
			<array/>
			<key>isa</key>
			<string>PBXNativeTarget</string>
			<key>name</key>
			<string>BlueList</string>
			<key>productName</key>
			<string>BlueList</string>
			<key>productReference</key>
			<string>FAD04BD31862058500DE0A19</string>
			<key>productType</key>
			<string>com.apple.product-type.application</string>
		</dict>
		<key>FAD04BD31862058500DE0A19</key>
		<dict>
			<key>explicitFileType</key>
			<string>wrapper.application</string>
			<key>includeInIndex</key>
			<string>0</string>
			<key>isa</key>
			<string>PBXFileReference</string>
			<key>path</key>
			<string>BlueList.app</string>
			<key>sourceTree</key>
			<string>BUILT_PRODUCTS_DIR</string>
		</dict>
		<key>FAD04BD41862058500DE0A19</key>
		<dict>
			<key>children</key>
			<array>
				<string>FAD04BD31862058500DE0A19</string>
				<string>FAD04BEE1862058500DE0A19</string>
			</array>
			<key>isa</key>
			<string>PBXGroup</string>
			<key>name</key>
			<string>Products</string>
			<key>sourceTree</key>
			<string>&lt;group&gt;</string>
		</dict>
		<key>FAD04BD51862058500DE0A19</key>
		<dict>
			<key>children</key>
			<array>
				<string>97DEC6BC19731B3A00E7DB8C</string>
				<string>97DEC6BA19731B3700E7DB8C</string>
				<string>FAD04BD61862058500DE0A19</string>
				<string>FAD04BD81862058500DE0A19</string>
				<string>FAD04BDA1862058500DE0A19</string>
				<string>FAD04BEF1862058500DE0A19</string>
				<string>27122EEDE1D54E6C951972A1</string>
			</array>
			<key>isa</key>
			<string>PBXGroup</string>
			<key>name</key>
			<string>Frameworks</string>
			<key>sourceTree</key>
			<string>&lt;group&gt;</string>
		</dict>
		<key>FAD04BD61862058500DE0A19</key>
		<dict>
			<key>isa</key>
			<string>PBXFileReference</string>
			<key>lastKnownFileType</key>
			<string>wrapper.framework</string>
			<key>name</key>
			<string>Foundation.framework</string>
			<key>path</key>
			<string>System/Library/Frameworks/Foundation.framework</string>
			<key>sourceTree</key>
			<string>SDKROOT</string>
		</dict>
		<key>FAD04BD71862058500DE0A19</key>
		<dict>
			<key>fileRef</key>
			<string>FAD04BD61862058500DE0A19</string>
			<key>isa</key>
			<string>PBXBuildFile</string>
		</dict>
		<key>FAD04BD81862058500DE0A19</key>
		<dict>
			<key>isa</key>
			<string>PBXFileReference</string>
			<key>lastKnownFileType</key>
			<string>wrapper.framework</string>
			<key>name</key>
			<string>CoreGraphics.framework</string>
			<key>path</key>
			<string>System/Library/Frameworks/CoreGraphics.framework</string>
			<key>sourceTree</key>
			<string>SDKROOT</string>
		</dict>
		<key>FAD04BD91862058500DE0A19</key>
		<dict>
			<key>fileRef</key>
			<string>FAD04BD81862058500DE0A19</string>
			<key>isa</key>
			<string>PBXBuildFile</string>
		</dict>
		<key>FAD04BDA1862058500DE0A19</key>
		<dict>
			<key>isa</key>
			<string>PBXFileReference</string>
			<key>lastKnownFileType</key>
			<string>wrapper.framework</string>
			<key>name</key>
			<string>UIKit.framework</string>
			<key>path</key>
			<string>System/Library/Frameworks/UIKit.framework</string>
			<key>sourceTree</key>
			<string>SDKROOT</string>
		</dict>
		<key>FAD04BDB1862058500DE0A19</key>
		<dict>
			<key>fileRef</key>
			<string>FAD04BDA1862058500DE0A19</string>
			<key>isa</key>
			<string>PBXBuildFile</string>
		</dict>
		<key>FAD04BDC1862058500DE0A19</key>
		<dict>
			<key>children</key>
			<array>
				<string>FAD04C051862250000DE0A19</string>
				<string>FAD04BE21862058500DE0A19</string>
				<string>FAD04C071862339F00DE0A19</string>
				<string>97B8E0C3194F47230029F5D3</string>
				<string>FA39EA2218633F8900FB525E</string>
				<string>FAD04BE81862058500DE0A19</string>
				<string>FAD04BDD1862058500DE0A19</string>
			</array>
			<key>isa</key>
			<string>PBXGroup</string>
			<key>path</key>
			<string>BlueList</string>
			<key>sourceTree</key>
			<string>&lt;group&gt;</string>
		</dict>
		<key>FAD04BDD1862058500DE0A19</key>
		<dict>
			<key>children</key>
			<array>
				<string>FAD04BDE1862058500DE0A19</string>
				<string>FAD04BDF1862058500DE0A19</string>
				<string>FAD04BE41862058500DE0A19</string>
				<string>979353FC1936E62A0024CFB7</string>
			</array>
			<key>isa</key>
			<string>PBXGroup</string>
			<key>name</key>
			<string>Supporting Files</string>
			<key>sourceTree</key>
			<string>&lt;group&gt;</string>
		</dict>
		<key>FAD04BDE1862058500DE0A19</key>
		<dict>
			<key>isa</key>
			<string>PBXFileReference</string>
			<key>lastKnownFileType</key>
			<string>text.plist.xml</string>
			<key>path</key>
			<string>BlueList-Info.plist</string>
			<key>sourceTree</key>
			<string>&lt;group&gt;</string>
		</dict>
		<key>FAD04BDF1862058500DE0A19</key>
		<dict>
			<key>children</key>
			<array>
				<string>FAD04BE01862058500DE0A19</string>
			</array>
			<key>isa</key>
			<string>PBXVariantGroup</string>
			<key>name</key>
			<string>InfoPlist.strings</string>
			<key>sourceTree</key>
			<string>&lt;group&gt;</string>
		</dict>
		<key>FAD04BE01862058500DE0A19</key>
		<dict>
			<key>isa</key>
			<string>PBXFileReference</string>
			<key>lastKnownFileType</key>
			<string>text.plist.strings</string>
			<key>name</key>
			<string>en</string>
			<key>path</key>
			<string>en.lproj/InfoPlist.strings</string>
			<key>sourceTree</key>
			<string>&lt;group&gt;</string>
		</dict>
		<key>FAD04BE11862058500DE0A19</key>
		<dict>
			<key>fileRef</key>
			<string>FAD04BDF1862058500DE0A19</string>
			<key>isa</key>
			<string>PBXBuildFile</string>
		</dict>
		<key>FAD04BE21862058500DE0A19</key>
		<dict>
			<key>isa</key>
			<string>PBXFileReference</string>
			<key>lastKnownFileType</key>
			<string>sourcecode.c.objc</string>
			<key>path</key>
			<string>main.m</string>
			<key>sourceTree</key>
			<string>&lt;group&gt;</string>
		</dict>
		<key>FAD04BE31862058500DE0A19</key>
		<dict>
			<key>fileRef</key>
			<string>FAD04BE21862058500DE0A19</string>
			<key>isa</key>
			<string>PBXBuildFile</string>
		</dict>
		<key>FAD04BE41862058500DE0A19</key>
		<dict>
			<key>isa</key>
			<string>PBXFileReference</string>
			<key>lastKnownFileType</key>
			<string>sourcecode.c.h</string>
			<key>path</key>
			<string>BlueList-Prefix.pch</string>
			<key>sourceTree</key>
			<string>&lt;group&gt;</string>
		</dict>
		<key>FAD04BE51862058500DE0A19</key>
		<dict>
			<key>isa</key>
			<string>PBXFileReference</string>
			<key>lastKnownFileType</key>
			<string>sourcecode.c.h</string>
			<key>path</key>
			<string>IBM_AppDelegate.h</string>
			<key>sourceTree</key>
			<string>&lt;group&gt;</string>
		</dict>
		<key>FAD04BE61862058500DE0A19</key>
		<dict>
			<key>isa</key>
			<string>PBXFileReference</string>
			<key>lastKnownFileType</key>
			<string>sourcecode.c.objc</string>
			<key>path</key>
			<string>IBM_AppDelegate.m</string>
			<key>sourceTree</key>
			<string>&lt;group&gt;</string>
		</dict>
		<key>FAD04BE71862058500DE0A19</key>
		<dict>
			<key>fileRef</key>
			<string>FAD04BE61862058500DE0A19</string>
			<key>isa</key>
			<string>PBXBuildFile</string>
		</dict>
		<key>FAD04BE81862058500DE0A19</key>
		<dict>
			<key>isa</key>
			<string>PBXFileReference</string>
			<key>lastKnownFileType</key>
			<string>folder.assetcatalog</string>
			<key>path</key>
			<string>Images.xcassets</string>
			<key>sourceTree</key>
			<string>&lt;group&gt;</string>
		</dict>
		<key>FAD04BE91862058500DE0A19</key>
		<dict>
			<key>fileRef</key>
			<string>FAD04BE81862058500DE0A19</string>
			<key>isa</key>
			<string>PBXBuildFile</string>
		</dict>
		<key>FAD04BEA1862058500DE0A19</key>
		<dict>
			<key>buildActionMask</key>
			<string>2147483647</string>
			<key>files</key>
			<array/>
			<key>isa</key>
			<string>PBXSourcesBuildPhase</string>
			<key>runOnlyForDeploymentPostprocessing</key>
			<string>0</string>
		</dict>
		<key>FAD04BEB1862058500DE0A19</key>
		<dict>
			<key>buildActionMask</key>
			<string>2147483647</string>
			<key>files</key>
			<array>
				<string>FAD04BF01862058500DE0A19</string>
				<string>FAD04BF21862058500DE0A19</string>
				<string>FAD04BF11862058500DE0A19</string>
			</array>
			<key>isa</key>
			<string>PBXFrameworksBuildPhase</string>
			<key>runOnlyForDeploymentPostprocessing</key>
			<string>0</string>
		</dict>
		<key>FAD04BEC1862058500DE0A19</key>
		<dict>
			<key>buildActionMask</key>
			<string>2147483647</string>
			<key>files</key>
			<array/>
			<key>isa</key>
			<string>PBXResourcesBuildPhase</string>
			<key>runOnlyForDeploymentPostprocessing</key>
			<string>0</string>
		</dict>
		<key>FAD04BED1862058500DE0A19</key>
		<dict>
			<key>buildConfigurationList</key>
			<string>FAD04C021862058500DE0A19</string>
			<key>buildPhases</key>
			<array>
				<string>FAD04BEA1862058500DE0A19</string>
				<string>FAD04BEB1862058500DE0A19</string>
				<string>FAD04BEC1862058500DE0A19</string>
			</array>
			<key>buildRules</key>
			<array/>
			<key>dependencies</key>
			<array>
				<string>FAD04BF41862058500DE0A19</string>
			</array>
			<key>isa</key>
			<string>PBXNativeTarget</string>
			<key>name</key>
			<string>BlueListTests</string>
			<key>productName</key>
			<string>BlueListTests</string>
			<key>productReference</key>
			<string>FAD04BEE1862058500DE0A19</string>
			<key>productType</key>
			<string>com.apple.product-type.bundle.unit-test</string>
		</dict>
		<key>FAD04BEE1862058500DE0A19</key>
		<dict>
			<key>explicitFileType</key>
			<string>wrapper.cfbundle</string>
			<key>includeInIndex</key>
			<string>0</string>
			<key>isa</key>
			<string>PBXFileReference</string>
			<key>path</key>
			<string>BlueListTests.xctest</string>
			<key>sourceTree</key>
			<string>BUILT_PRODUCTS_DIR</string>
		</dict>
		<key>FAD04BEF1862058500DE0A19</key>
		<dict>
			<key>isa</key>
			<string>PBXFileReference</string>
			<key>lastKnownFileType</key>
			<string>wrapper.framework</string>
			<key>name</key>
			<string>XCTest.framework</string>
			<key>path</key>
			<string>Library/Frameworks/XCTest.framework</string>
			<key>sourceTree</key>
			<string>DEVELOPER_DIR</string>
		</dict>
		<key>FAD04BF01862058500DE0A19</key>
		<dict>
			<key>fileRef</key>
			<string>FAD04BEF1862058500DE0A19</string>
			<key>isa</key>
			<string>PBXBuildFile</string>
		</dict>
		<key>FAD04BF11862058500DE0A19</key>
		<dict>
			<key>fileRef</key>
			<string>FAD04BD61862058500DE0A19</string>
			<key>isa</key>
			<string>PBXBuildFile</string>
		</dict>
		<key>FAD04BF21862058500DE0A19</key>
		<dict>
			<key>fileRef</key>
			<string>FAD04BDA1862058500DE0A19</string>
			<key>isa</key>
			<string>PBXBuildFile</string>
		</dict>
		<key>FAD04BF31862058500DE0A19</key>
		<dict>
			<key>containerPortal</key>
			<string>FAD04BCB1862058500DE0A19</string>
			<key>isa</key>
			<string>PBXContainerItemProxy</string>
			<key>proxyType</key>
			<string>1</string>
			<key>remoteGlobalIDString</key>
			<string>FAD04BD21862058500DE0A19</string>
			<key>remoteInfo</key>
			<string>BlueList</string>
		</dict>
		<key>FAD04BF41862058500DE0A19</key>
		<dict>
			<key>isa</key>
			<string>PBXTargetDependency</string>
			<key>target</key>
			<string>FAD04BD21862058500DE0A19</string>
			<key>targetProxy</key>
			<string>FAD04BF31862058500DE0A19</string>
		</dict>
		<key>FAD04BFD1862058500DE0A19</key>
		<dict>
			<key>buildSettings</key>
			<dict>
				<key>ALWAYS_SEARCH_USER_PATHS</key>
				<string>NO</string>
				<key>CLANG_CXX_LANGUAGE_STANDARD</key>
				<string>gnu++0x</string>
				<key>CLANG_CXX_LIBRARY</key>
				<string>libc++</string>
				<key>CLANG_ENABLE_MODULES</key>
				<string>YES</string>
				<key>CLANG_ENABLE_OBJC_ARC</key>
				<string>YES</string>
				<key>CLANG_WARN_BOOL_CONVERSION</key>
				<string>YES</string>
				<key>CLANG_WARN_CONSTANT_CONVERSION</key>
				<string>YES</string>
				<key>CLANG_WARN_DIRECT_OBJC_ISA_USAGE</key>
				<string>YES_ERROR</string>
				<key>CLANG_WARN_EMPTY_BODY</key>
				<string>YES</string>
				<key>CLANG_WARN_ENUM_CONVERSION</key>
				<string>YES</string>
				<key>CLANG_WARN_INT_CONVERSION</key>
				<string>YES</string>
				<key>CLANG_WARN_OBJC_ROOT_CLASS</key>
				<string>YES_ERROR</string>
				<key>CLANG_WARN__DUPLICATE_METHOD_MATCH</key>
				<string>YES</string>
				<key>CODE_SIGN_IDENTITY[sdk=iphoneos*]</key>
				<string>iPhone Developer</string>
				<key>COPY_PHASE_STRIP</key>
				<string>NO</string>
				<key>GCC_C_LANGUAGE_STANDARD</key>
				<string>gnu99</string>
				<key>GCC_DYNAMIC_NO_PIC</key>
				<string>NO</string>
				<key>GCC_OPTIMIZATION_LEVEL</key>
				<string>0</string>
				<key>GCC_PREPROCESSOR_DEFINITIONS</key>
				<array>
					<string>DEBUG=1</string>
					<string>$(inherited)</string>
				</array>
				<key>GCC_SYMBOLS_PRIVATE_EXTERN</key>
				<string>NO</string>
				<key>GCC_WARN_64_TO_32_BIT_CONVERSION</key>
				<string>YES</string>
				<key>GCC_WARN_ABOUT_RETURN_TYPE</key>
				<string>YES_ERROR</string>
				<key>GCC_WARN_UNDECLARED_SELECTOR</key>
				<string>YES</string>
				<key>GCC_WARN_UNINITIALIZED_AUTOS</key>
				<string>YES</string>
				<key>GCC_WARN_UNUSED_FUNCTION</key>
				<string>YES</string>
				<key>GCC_WARN_UNUSED_VARIABLE</key>
				<string>YES</string>
				<key>IPHONEOS_DEPLOYMENT_TARGET</key>
				<string>7.1</string>
				<key>ONLY_ACTIVE_ARCH</key>
				<string>YES</string>
				<key>OTHER_LDFLAGS</key>
				<array>
					<string>-ObjC</string>
					<string>-lsqlite3</string>
				</array>
				<key>SDKROOT</key>
				<string>iphoneos</string>
			</dict>
			<key>isa</key>
			<string>XCBuildConfiguration</string>
			<key>name</key>
			<string>Debug</string>
		</dict>
		<key>FAD04BFE1862058500DE0A19</key>
		<dict>
			<key>buildSettings</key>
			<dict>
				<key>ALWAYS_SEARCH_USER_PATHS</key>
				<string>NO</string>
				<key>CLANG_CXX_LANGUAGE_STANDARD</key>
				<string>gnu++0x</string>
				<key>CLANG_CXX_LIBRARY</key>
				<string>libc++</string>
				<key>CLANG_ENABLE_MODULES</key>
				<string>YES</string>
				<key>CLANG_ENABLE_OBJC_ARC</key>
				<string>YES</string>
				<key>CLANG_WARN_BOOL_CONVERSION</key>
				<string>YES</string>
				<key>CLANG_WARN_CONSTANT_CONVERSION</key>
				<string>YES</string>
				<key>CLANG_WARN_DIRECT_OBJC_ISA_USAGE</key>
				<string>YES_ERROR</string>
				<key>CLANG_WARN_EMPTY_BODY</key>
				<string>YES</string>
				<key>CLANG_WARN_ENUM_CONVERSION</key>
				<string>YES</string>
				<key>CLANG_WARN_INT_CONVERSION</key>
				<string>YES</string>
				<key>CLANG_WARN_OBJC_ROOT_CLASS</key>
				<string>YES_ERROR</string>
				<key>CLANG_WARN__DUPLICATE_METHOD_MATCH</key>
				<string>YES</string>
				<key>CODE_SIGN_IDENTITY[sdk=iphoneos*]</key>
				<string>iPhone Developer</string>
				<key>COPY_PHASE_STRIP</key>
				<string>YES</string>
				<key>ENABLE_NS_ASSERTIONS</key>
				<string>NO</string>
				<key>GCC_C_LANGUAGE_STANDARD</key>
				<string>gnu99</string>
				<key>GCC_WARN_64_TO_32_BIT_CONVERSION</key>
				<string>YES</string>
				<key>GCC_WARN_ABOUT_RETURN_TYPE</key>
				<string>YES_ERROR</string>
				<key>GCC_WARN_UNDECLARED_SELECTOR</key>
				<string>YES</string>
				<key>GCC_WARN_UNINITIALIZED_AUTOS</key>
				<string>YES</string>
				<key>GCC_WARN_UNUSED_FUNCTION</key>
				<string>YES</string>
				<key>GCC_WARN_UNUSED_VARIABLE</key>
				<string>YES</string>
				<key>IPHONEOS_DEPLOYMENT_TARGET</key>
				<string>7.1</string>
				<key>OTHER_LDFLAGS</key>
				<array>
					<string>-ObjC</string>
					<string>-lsqlite3</string>
				</array>
				<key>SDKROOT</key>
				<string>iphoneos</string>
				<key>VALIDATE_PRODUCT</key>
				<string>YES</string>
			</dict>
			<key>isa</key>
			<string>XCBuildConfiguration</string>
			<key>name</key>
			<string>Release</string>
		</dict>
		<key>FAD04BFF1862058500DE0A19</key>
		<dict>
			<key>buildConfigurations</key>
			<array>
				<string>FAD04C001862058500DE0A19</string>
				<string>FAD04C011862058500DE0A19</string>
			</array>
			<key>defaultConfigurationIsVisible</key>
			<string>0</string>
			<key>defaultConfigurationName</key>
			<string>Release</string>
			<key>isa</key>
			<string>XCConfigurationList</string>
		</dict>
		<key>FAD04C001862058500DE0A19</key>
		<dict>
			<key>baseConfigurationReference</key>
			<string>8EB1C98046F44CF18FBABDC8</string>
			<key>buildSettings</key>
			<dict>
				<key>ASSETCATALOG_COMPILER_APPICON_NAME</key>
				<string>AppIcon</string>
				<key>ASSETCATALOG_COMPILER_LAUNCHIMAGE_NAME</key>
				<string>LaunchImage</string>
				<key>FRAMEWORK_SEARCH_PATHS</key>
				<array>
					<string>$(inherited)</string>
					<string>$(PROJECT_DIR)</string>
				</array>
				<key>GCC_PRECOMPILE_PREFIX_HEADER</key>
				<string>YES</string>
				<key>GCC_PREFIX_HEADER</key>
				<string>BlueList/BlueList-Prefix.pch</string>
				<key>INFOPLIST_FILE</key>
				<string>BlueList/BlueList-Info.plist</string>
				<key>PRODUCT_NAME</key>
				<string>$(TARGET_NAME)</string>
				<key>VALID_ARCHS</key>
				<string>$(ARCHS_STANDARD)</string>
				<key>WRAPPER_EXTENSION</key>
				<string>app</string>
			</dict>
			<key>isa</key>
			<string>XCBuildConfiguration</string>
			<key>name</key>
			<string>Debug</string>
		</dict>
		<key>FAD04C011862058500DE0A19</key>
		<dict>
			<key>baseConfigurationReference</key>
			<string>8EB1C98046F44CF18FBABDC8</string>
			<key>buildSettings</key>
			<dict>
				<key>ASSETCATALOG_COMPILER_APPICON_NAME</key>
				<string>AppIcon</string>
				<key>ASSETCATALOG_COMPILER_LAUNCHIMAGE_NAME</key>
				<string>LaunchImage</string>
				<key>FRAMEWORK_SEARCH_PATHS</key>
				<array>
					<string>$(inherited)</string>
					<string>$(PROJECT_DIR)</string>
				</array>
				<key>GCC_PRECOMPILE_PREFIX_HEADER</key>
				<string>YES</string>
				<key>GCC_PREFIX_HEADER</key>
				<string>BlueList/BlueList-Prefix.pch</string>
				<key>INFOPLIST_FILE</key>
				<string>BlueList/BlueList-Info.plist</string>
				<key>PRODUCT_NAME</key>
				<string>$(TARGET_NAME)</string>
				<key>VALID_ARCHS</key>
				<string>$(ARCHS_STANDARD)</string>
				<key>WRAPPER_EXTENSION</key>
				<string>app</string>
			</dict>
			<key>isa</key>
			<string>XCBuildConfiguration</string>
			<key>name</key>
			<string>Release</string>
		</dict>
		<key>FAD04C021862058500DE0A19</key>
		<dict>
			<key>buildConfigurations</key>
			<array>
				<string>FAD04C031862058500DE0A19</string>
				<string>FAD04C041862058500DE0A19</string>
			</array>
			<key>defaultConfigurationIsVisible</key>
			<string>0</string>
			<key>defaultConfigurationName</key>
			<string>Release</string>
			<key>isa</key>
			<string>XCConfigurationList</string>
		</dict>
		<key>FAD04C031862058500DE0A19</key>
		<dict>
			<key>buildSettings</key>
			<dict>
				<key>BUNDLE_LOADER</key>
				<string>$(BUILT_PRODUCTS_DIR)/BlueList.app/BlueList</string>
				<key>FRAMEWORK_SEARCH_PATHS</key>
				<array>
					<string>$(SDKROOT)/Developer/Library/Frameworks</string>
					<string>$(inherited)</string>
					<string>$(DEVELOPER_FRAMEWORKS_DIR)</string>
				</array>
				<key>GCC_PRECOMPILE_PREFIX_HEADER</key>
				<string>YES</string>
				<key>GCC_PREFIX_HEADER</key>
				<string>BlueList/BlueList-Prefix.pch</string>
				<key>GCC_PREPROCESSOR_DEFINITIONS</key>
				<array>
					<string>DEBUG=1</string>
					<string>$(inherited)</string>
				</array>
				<key>INFOPLIST_FILE</key>
				<string>BlueListTests/BlueListTests-Info.plist</string>
				<key>PRODUCT_NAME</key>
				<string>$(TARGET_NAME)</string>
				<key>TEST_HOST</key>
				<string>$(BUNDLE_LOADER)</string>
				<key>WRAPPER_EXTENSION</key>
				<string>xctest</string>
			</dict>
			<key>isa</key>
			<string>XCBuildConfiguration</string>
			<key>name</key>
			<string>Debug</string>
		</dict>
		<key>FAD04C041862058500DE0A19</key>
		<dict>
			<key>buildSettings</key>
			<dict>
				<key>BUNDLE_LOADER</key>
				<string>$(BUILT_PRODUCTS_DIR)/BlueList.app/BlueList</string>
				<key>FRAMEWORK_SEARCH_PATHS</key>
				<array>
					<string>$(SDKROOT)/Developer/Library/Frameworks</string>
					<string>$(inherited)</string>
					<string>$(DEVELOPER_FRAMEWORKS_DIR)</string>
				</array>
				<key>GCC_PRECOMPILE_PREFIX_HEADER</key>
				<string>YES</string>
				<key>GCC_PREFIX_HEADER</key>
				<string>BlueList/BlueList-Prefix.pch</string>
				<key>INFOPLIST_FILE</key>
				<string>BlueListTests/BlueListTests-Info.plist</string>
				<key>PRODUCT_NAME</key>
				<string>$(TARGET_NAME)</string>
				<key>TEST_HOST</key>
				<string>$(BUNDLE_LOADER)</string>
				<key>WRAPPER_EXTENSION</key>
				<string>xctest</string>
			</dict>
			<key>isa</key>
			<string>XCBuildConfiguration</string>
			<key>name</key>
			<string>Release</string>
		</dict>
		<key>FAD04C051862250000DE0A19</key>
		<dict>
			<key>fileEncoding</key>
			<string>4</string>
			<key>isa</key>
			<string>PBXFileReference</string>
			<key>lastKnownFileType</key>
			<string>file.storyboard</string>
			<key>name</key>
			<string>main.storyboard</string>
			<key>path</key>
			<string>../main.storyboard</string>
			<key>sourceTree</key>
			<string>&lt;group&gt;</string>
		</dict>
		<key>FAD04C061862250000DE0A19</key>
		<dict>
			<key>fileRef</key>
			<string>FAD04C051862250000DE0A19</string>
			<key>isa</key>
			<string>PBXBuildFile</string>
		</dict>
		<key>FAD04C071862339F00DE0A19</key>
		<dict>
			<key>children</key>
			<array>
				<string>FAD04C0B1862340500DE0A19</string>
				<string>FAD04C0C1862340500DE0A19</string>
				<string>FAD04C08186233D000DE0A19</string>
				<string>FAD04C09186233D000DE0A19</string>
			</array>
			<key>isa</key>
			<string>PBXGroup</string>
			<key>name</key>
			<string>controller</string>
			<key>sourceTree</key>
			<string>&lt;group&gt;</string>
		</dict>
		<key>FAD04C08186233D000DE0A19</key>
		<dict>
			<key>fileEncoding</key>
			<string>4</string>
			<key>isa</key>
			<string>PBXFileReference</string>
			<key>lastKnownFileType</key>
			<string>sourcecode.c.h</string>
			<key>path</key>
			<string>IBM_ListViewController.h</string>
			<key>sourceTree</key>
			<string>&lt;group&gt;</string>
		</dict>
		<key>FAD04C09186233D000DE0A19</key>
		<dict>
			<key>fileEncoding</key>
			<string>4</string>
			<key>isa</key>
			<string>PBXFileReference</string>
			<key>lastKnownFileType</key>
			<string>sourcecode.c.objc</string>
			<key>path</key>
			<string>IBM_ListViewController.m</string>
			<key>sourceTree</key>
			<string>&lt;group&gt;</string>
		</dict>
		<key>FAD04C0A186233D000DE0A19</key>
		<dict>
			<key>fileRef</key>
			<string>FAD04C09186233D000DE0A19</string>
			<key>isa</key>
			<string>PBXBuildFile</string>
		</dict>
		<key>FAD04C0B1862340500DE0A19</key>
		<dict>
			<key>fileEncoding</key>
			<string>4</string>
			<key>isa</key>
			<string>PBXFileReference</string>
			<key>lastKnownFileType</key>
			<string>sourcecode.c.h</string>
			<key>path</key>
			<string>IBM_CreateEditItemViewController.h</string>
			<key>sourceTree</key>
			<string>&lt;group&gt;</string>
		</dict>
		<key>FAD04C0C1862340500DE0A19</key>
		<dict>
			<key>fileEncoding</key>
			<string>4</string>
			<key>isa</key>
			<string>PBXFileReference</string>
			<key>lastKnownFileType</key>
			<string>sourcecode.c.objc</string>
			<key>path</key>
			<string>IBM_CreateEditItemViewController.m</string>
			<key>sourceTree</key>
			<string>&lt;group&gt;</string>
		</dict>
		<key>FAD04C0D1862340500DE0A19</key>
		<dict>
			<key>fileRef</key>
			<string>FAD04C0C1862340500DE0A19</string>
			<key>isa</key>
			<string>PBXBuildFile</string>
		</dict>
	</dict>
	<key>rootObject</key>
	<string>FAD04BCB1862058500DE0A19</string>
</dict>
</plist>
